dependencies:
  espressif__esp_lcd_touch:
    component_hash: null
    source:
      path: /home/alpha/Documents/Project/qr_code_prototype_hardware/code_/Demo_Program/bananaegg/components/espressif__esp_lcd_touch
      type: local
    version: 1.0.1
  idf:
    component_hash: null
    source:
      type: idf
    version: 5.1.1
  joltwallet/littlefs:
    component_hash: 8373229a6c63ccc08747117cd937b35de5721ba49468e4ca29dad006235e655e
    source:
      service_url: https://api.components.espressif.com/
      type: service
    version: 1.14.5
  lvgl__lvgl:
    component_hash: null
    source:
      path: /home/alpha/Documents/Project/qr_code_prototype_hardware/code_/Demo_Program/bananaegg/components/lvgl__lvgl
      type: local
    version: 8.2.0
manifest_hash: 03214dc35034fd1fb5a8fe10468b2bc8bff1ec5564c6d0619ff33379fb427e0b
target: esp32s3
version: 1.0.0
